%{"certifi": {:hex, :certifi, "0.4.0", "a7966efb868b179023618d29a407548f70c52466bf1849b9e8ebd0e34b7ea11f", [:rebar3], []},
  "earmark": {:hex, :earmark, "0.1.19", "ffec54f520a11b711532c23d8a52b75a74c09697062d10613fa2dbdf8a9db36e", [:mix], []},
  "ex_doc": {:hex, :ex_doc, "0.11.2", "8ac82c6144a27faca6a623eeebfbf5a791bc20a54ce29a9c02e499536d253d9b", [:mix], [{:earmark, "~> 0.1.17 or ~> 0.2", [hex: :earmark, optional: true]}]},
  "exjsx": {:hex, :exjsx, "3.2.0", "7136cc739ace295fc74c378f33699e5145bead4fdc1b4799822d0287489136fb", [:mix], [{:jsx, "~> 2.6.2", [hex: :jsx, optional: false]}]},
  "hackney": {:hex, :hackney, "1.6.0", "8d1e9440c9edf23bf5e5e2fe0c71de03eb265103b72901337394c840eec679ac", [:rebar3], [{:ssl_verify_fun, "1.1.0", [hex: :ssl_verify_fun, optional: false]}, {:mimerl, "1.0.2", [hex: :mimerl, optional: false]}, {:metrics, "1.0.1", [hex: :metrics, optional: false]}, {:idna, "1.2.0", [hex: :idna, optional: false]}, {:certifi, "0.4.0", [hex: :certifi, optional: false]}]},
  "httpoison": {:hex, :httpoison, "0.8.3", "b675a3fdc839a0b8d7a285c6b3747d6d596ae70b6ccb762233a990d7289ccae4", [:mix], [{:hackney, "~> 1.6.0", [hex: :hackney, optional: false]}]},
  "httpotion": {:hex, :httpotion, "2.1.0", "3fe84fbd13d4560c2514da656d022b1191a079178ee4992d245fc3c33c01ee18", [:mix], []},
  "ibrowse": {:hex, :ibrowse, "4.2.2", "b32b5bafcc77b7277eff030ed32e1acc3f610c64e9f6aea19822abcadf681b4b", [:rebar3], []},
  "idna": {:hex, :idna, "1.2.0", "ac62ee99da068f43c50dc69acf700e03a62a348360126260e87f2b54eced86b2", [:rebar3], []},
  "jsx": {:hex, :jsx, "2.6.2", "213721e058da0587a4bce3cc8a00ff6684ced229c8f9223245c6ff2c88fbaa5a", [:mix, :rebar], []},
  "metrics": {:hex, :metrics, "1.0.1", "25f094dea2cda98213cecc3aeff09e940299d950904393b2a29d191c346a8486", [:rebar3], []},
  "mimerl": {:hex, :mimerl, "1.0.2", "993f9b0e084083405ed8252b99460c4f0563e41729ab42d9074fd5e52439be88", [:rebar3], []},
  "poison": {:hex, :poison, "2.0.1", "81248a36d1b602b17ea6556bfa8952492091f01af05173de11f8b297e2bbf088", [:mix], []},
  "slack": {:hex, :slack, "0.6.0", "172eb29eba8e5155816f06776a2fe544a84ce69c06bab073bf4b91971e6df3ab", [:mix], [{:exjsx, "~> 3.2.0", [hex: :exjsx, optional: false]}, {:httpoison, "~> 0.8.0", [hex: :httpoison, optional: false]}]},
  "ssl_verify_fun": {:hex, :ssl_verify_fun, "1.1.0", "edee20847c42e379bf91261db474ffbe373f8acb56e9079acb6038d4e0bf414f", [:rebar, :make], []},
  "ssl_verify_hostname": {:hex, :ssl_verify_hostname, "1.0.6"},
  "websocket_client": {:git, "https://github.com/jeremyong/websocket_client", "f6892c8b55004008ce2d52be7d98b156f3e34569", []}}
